PODS:
  - WXActionSheet (0.0.3)

DEPENDENCIES:
  - WXActionSheet (from `Frameworks/WXActionSheet`)

EXTERNAL SOURCES:
  WXActionSheet:
    :path: Frameworks/WXActionSheet

SPEC CHECKSUMS:
  WXActionSheet: 20bbd8962eb4ef1c5742c35d7cf8762db29f27aa

PODFILE CHECKSUM: 43ee1b7945daf266a9a83f874d5c712153d67fa2

COCOAPODS: 1.6.0.beta.2
